// !$*UTF8*$!
{
	archiveVersion = 1;
	classes = {
	};
	objectVersion = 46;
	objects = {

/* Begin PBXBuildFile section */
		0B3398F01ACFB55500E41513 /* ColorsUtil.m in Sources */ = {isa = PBXBuildFile; fileRef = 0B3398EF1ACFB55500E41513 /* ColorsUtil.m */; };
		0B3398F31ACFEB0A00E41513 /* icomoon.ttf in Resources */ = {isa = PBXBuildFile; fileRef = 0B3398F21ACFEB0400E41513 /* icomoon.ttf */; };
		0B3398F41ACFEB0F00E41513 /* Impact.ttf in Resources */ = {isa = PBXBuildFile; fileRef = 0B3398F11ACFE05D00E41513 /* Impact.ttf */; };
		0B3626B41ACF5B1E00C57C5B /* main.m in Sources */ = {isa = PBXBuildFile; fileRef = 0B3626B31ACF5B1E00C57C5B /* main.m */; };
		0B3626B71ACF5B1E00C57C5B /* AppDelegate.m in Sources */ = {isa = PBXBuildFile; fileRef = 0B3626B61ACF5B1E00C57C5B /* AppDelegate.m */; };
		0B3626BA1ACF5B1E00C57C5B /* ViewController.m in Sources */ = {isa = PBXBuildFile; fileRef = 0B3626B91ACF5B1E00C57C5B /* ViewController.m */; };
		0B3626BF1ACF5B1E00C57C5B /* Images.xcassets in Resources */ = {isa = PBXBuildFile; fileRef = 0B3626BE1ACF5B1E00C57C5B /* Images.xcassets */; };
		0B3626CE1ACF5B1E00C57C5B /* crowddjTests.m in Sources */ = {isa = PBXBuildFile; fileRef = 0B3626CD1ACF5B1E00C57C5B /* crowddjTests.m */; };
		0B3626DA1ACF5FA200C57C5B /* AVFoundation.framework in Frameworks */ = {isa = PBXBuildFile; fileRef = 0B3626D91ACF5FA200C57C5B /* AVFoundation.framework */; };
		0B3626DC1ACF620B00C57C5B /* Spotify.framework in Frameworks */ = {isa = PBXBuildFile; fileRef = 0B3626DB1ACF620B00C57C5B /* Spotify.framework */; };
		0B3626DF1ACF636900C57C5B /* SpotifyPlayer.m in Sources */ = {isa = PBXBuildFile; fileRef = 0B3626DE1ACF636900C57C5B /* SpotifyPlayer.m */; };
		0B3626E21ACF7F6200C57C5B /* TwitterManager.m in Sources */ = {isa = PBXBuildFile; fileRef = 0B3626E11ACF7F6200C57C5B /* TwitterManager.m */; };
		0B3626F71ACF88F500C57C5B /* AFHTTPRequestOperation.m in Sources */ = {isa = PBXBuildFile; fileRef = 0B3626E51ACF88F500C57C5B /* AFHTTPRequestOperation.m */; };
		0B3626F81ACF88F500C57C5B /* AFHTTPRequestOperationManager.m in Sources */ = {isa = PBXBuildFile; fileRef = 0B3626E71ACF88F500C57C5B /* AFHTTPRequestOperationManager.m */; };
		0B3626F91ACF88F500C57C5B /* AFHTTPSessionManager.m in Sources */ = {isa = PBXBuildFile; fileRef = 0B3626E91ACF88F500C57C5B /* AFHTTPSessionManager.m */; };
		0B3626FA1ACF88F500C57C5B /* AFNetworkReachabilityManager.m in Sources */ = {isa = PBXBuildFile; fileRef = 0B3626EC1ACF88F500C57C5B /* AFNetworkReachabilityManager.m */; };
		0B3626FB1ACF88F500C57C5B /* AFSecurityPolicy.m in Sources */ = {isa = PBXBuildFile; fileRef = 0B3626EE1ACF88F500C57C5B /* AFSecurityPolicy.m */; };
		0B3626FC1ACF88F500C57C5B /* AFURLConnectionOperation.m in Sources */ = {isa = PBXBuildFile; fileRef = 0B3626F01ACF88F500C57C5B /* AFURLConnectionOperation.m */; };
		0B3626FD1ACF88F500C57C5B /* AFURLRequestSerialization.m in Sources */ = {isa = PBXBuildFile; fileRef = 0B3626F21ACF88F500C57C5B /* AFURLRequestSerialization.m */; };
		0B3626FE1ACF88F500C57C5B /* AFURLResponseSerialization.m in Sources */ = {isa = PBXBuildFile; fileRef = 0B3626F41ACF88F500C57C5B /* AFURLResponseSerialization.m */; };
		0B3626FF1ACF88F500C57C5B /* AFURLSessionManager.m in Sources */ = {isa = PBXBuildFile; fileRef = 0B3626F61ACF88F500C57C5B /* AFURLSessionManager.m */; };
		0B3627021ACF8FF200C57C5B /* SongManager.m in Sources */ = {isa = PBXBuildFile; fileRef = 0B3627011ACF8FF200C57C5B /* SongManager.m */; };
		8C5F65B06B775FD9FF936310 /* libPods.a in Frameworks */ = {isa = PBXBuildFile; fileRef = E75B26F5A696B5F3BDB276D1 /* libPods.a */; };
/* End PBXBuildFile section */

/* Begin PBXContainerItemProxy section */
		0B3626C81ACF5B1E00C57C5B /* PBXContainerItemProxy */ = {
			isa = PBXContainerItemProxy;
			containerPortal = 0B3626A61ACF5B1E00C57C5B /* Project object */;
			proxyType = 1;
			remoteGlobalIDString = 0B3626AD1ACF5B1E00C57C5B;
			remoteInfo = crowddj;
		};
/* End PBXContainerItemProxy section */

/* Begin PBXFileReference section */
		011C9BD953A7E0A1E88A270A /* Pods.release.xcconfig */ = {isa = PBXFileReference; includeInIndex = 1; lastKnownFileType = text.xcconfig; name = Pods.release.xcconfig; path = "Pods/Target Support Files/Pods/Pods.release.xcconfig"; sourceTree = "<group>"; };
		0B3398EE1ACFB55500E41513 /* ColorsUtil.h */ = {isa = PBXFileReference; fileEncoding = 4; lastKnownFileType = sourcecode.c.h; path = ColorsUtil.h; sourceTree = "<group>"; };
		0B3398EF1ACFB55500E41513 /* ColorsUtil.m */ = {isa = PBXFileReference; fileEncoding = 4; lastKnownFileType = sourcecode.c.objc; path = ColorsUtil.m; sourceTree = "<group>"; };
		0B3398F11ACFE05D00E41513 /* Impact.ttf */ = {isa = PBXFileReference; lastKnownFileType = file; path = Impact.ttf; sourceTree = "<group>"; };
		0B3398F21ACFEB0400E41513 /* icomoon.ttf */ = {isa = PBXFileReference; lastKnownFileType = file; path = icomoon.ttf; sourceTree = "<group>"; };
		0B3626AE1ACF5B1E00C57C5B /* crowddj.app */ = {isa = PBXFileReference; explicitFileType = wrapper.application; includeInIndex = 0; path = crowddj.app; sourceTree = BUILT_PRODUCTS_DIR; };
		0B3626B21ACF5B1E00C57C5B /* Info.plist */ = {isa = PBXFileReference; lastKnownFileType = text.plist.xml; path = Info.plist; sourceTree = "<group>"; };
		0B3626B31ACF5B1E00C57C5B /* main.m */ = {isa = PBXFileReference; lastKnownFileType = sourcecode.c.objc; path = main.m; sourceTree = "<group>"; };
		0B3626B51ACF5B1E00C57C5B /* AppDelegate.h */ = {isa = PBXFileReference; lastKnownFileType = sourcecode.c.h; path = AppDelegate.h; sourceTree = "<group>"; };
		0B3626B61ACF5B1E00C57C5B /* AppDelegate.m */ = {isa = PBXFileReference; lastKnownFileType = sourcecode.c.objc; path = AppDelegate.m; sourceTree = "<group>"; };
		0B3626B81ACF5B1E00C57C5B /* ViewController.h */ = {isa = PBXFileReference; lastKnownFileType = sourcecode.c.h; path = ViewController.h; sourceTree = "<group>"; };
		0B3626B91ACF5B1E00C57C5B /* ViewController.m */ = {isa = PBXFileReference; lastKnownFileType = sourcecode.c.objc; path = ViewController.m; sourceTree = "<group>"; };
		0B3626BE1ACF5B1E00C57C5B /* Images.xcassets */ = {isa = PBXFileReference; lastKnownFileType = folder.assetcatalog; path = Images.xcassets; sourceTree = "<group>"; };
		0B3626C71ACF5B1E00C57C5B /* crowddjTests.xctest */ = {isa = PBXFileReference; explicitFileType = wrapper.cfbundle; includeInIndex = 0; path = crowddjTests.xctest; sourceTree = BUILT_PRODUCTS_DIR; };
		0B3626CC1ACF5B1E00C57C5B /* Info.plist */ = {isa = PBXFileReference; lastKnownFileType = text.plist.xml; path = Info.plist; sourceTree = "<group>"; };
		0B3626CD1ACF5B1E00C57C5B /* crowddjTests.m */ = {isa = PBXFileReference; lastKnownFileType = sourcecode.c.objc; path = crowddjTests.m; sourceTree = "<group>"; };
		0B3626D91ACF5FA200C57C5B /* AVFoundation.framework */ = {isa = PBXFileReference; lastKnownFileType = wrapper.framework; name = AVFoundation.framework; path = System/Library/Frameworks/AVFoundation.framework; sourceTree = SDKROOT; };
		0B3626DB1ACF620B00C57C5B /* Spotify.framework */ = {isa = PBXFileReference; lastKnownFileType = wrapper.framework; path = Spotify.framework; sourceTree = "<group>"; };
		0B3626DD1ACF636900C57C5B /* SpotifyPlayer.h */ = {isa = PBXFileReference; fileEncoding = 4; lastKnownFileType = sourcecode.c.h; path = SpotifyPlayer.h; sourceTree = "<group>"; };
		0B3626DE1ACF636900C57C5B /* SpotifyPlayer.m */ = {isa = PBXFileReference; fileEncoding = 4; lastKnownFileType = sourcecode.c.objc; path = SpotifyPlayer.m; sourceTree = "<group>"; };
		0B3626E01ACF7F6200C57C5B /* TwitterManager.h */ = {isa = PBXFileReference; fileEncoding = 4; lastKnownFileType = sourcecode.c.h; path = TwitterManager.h; sourceTree = "<group>"; };
		0B3626E11ACF7F6200C57C5B /* TwitterManager.m */ = {isa = PBXFileReference; fileEncoding = 4; lastKnownFileType = sourcecode.c.objc; path = TwitterManager.m; sourceTree = "<group>"; };
		0B3626E41ACF88F500C57C5B /* AFHTTPRequestOperation.h */ = {isa = PBXFileReference; fileEncoding = 4; lastKnownFileType = sourcecode.c.h; path = AFHTTPRequestOperation.h; sourceTree = "<group>"; };
		0B3626E51ACF88F500C57C5B /* AFHTTPRequestOperation.m */ = {isa = PBXFileReference; fileEncoding = 4; lastKnownFileType = sourcecode.c.objc; path = AFHTTPRequestOperation.m; sourceTree = "<group>"; };
		0B3626E61ACF88F500C57C5B /* AFHTTPRequestOperationManager.h */ = {isa = PBXFileReference; fileEncoding = 4; lastKnownFileType = sourcecode.c.h; path = AFHTTPRequestOperationManager.h; sourceTree = "<group>"; };
		0B3626E71ACF88F500C57C5B /* AFHTTPRequestOperationManager.m */ = {isa = PBXFileReference; fileEncoding = 4; lastKnownFileType = sourcecode.c.objc; path = AFHTTPRequestOperationManager.m; sourceTree = "<group>"; };
		0B3626E81ACF88F500C57C5B /* AFHTTPSessionManager.h */ = {isa = PBXFileReference; fileEncoding = 4; lastKnownFileType = sourcecode.c.h; path = AFHTTPSessionManager.h; sourceTree = "<group>"; };
		0B3626E91ACF88F500C57C5B /* AFHTTPSessionManager.m */ = {isa = PBXFileReference; fileEncoding = 4; lastKnownFileType = sourcecode.c.objc; path = AFHTTPSessionManager.m; sourceTree = "<group>"; };
		0B3626EA1ACF88F500C57C5B /* AFNetworking.h */ = {isa = PBXFileReference; fileEncoding = 4; lastKnownFileType = sourcecode.c.h; path = AFNetworking.h; sourceTree = "<group>"; };
		0B3626EB1ACF88F500C57C5B /* AFNetworkReachabilityManager.h */ = {isa = PBXFileReference; fileEncoding = 4; lastKnownFileType = sourcecode.c.h; path = AFNetworkReachabilityManager.h; sourceTree = "<group>"; };
		0B3626EC1ACF88F500C57C5B /* AFNetworkReachabilityManager.m */ = {isa = PBXFileReference; fileEncoding = 4; lastKnownFileType = sourcecode.c.objc; path = AFNetworkReachabilityManager.m; sourceTree = "<group>"; };
		0B3626ED1ACF88F500C57C5B /* AFSecurityPolicy.h */ = {isa = PBXFileReference; fileEncoding = 4; lastKnownFileType = sourcecode.c.h; path = AFSecurityPolicy.h; sourceTree = "<group>"; };
		0B3626EE1ACF88F500C57C5B /* AFSecurityPolicy.m */ = {isa = PBXFileReference; fileEncoding = 4; lastKnownFileType = sourcecode.c.objc; path = AFSecurityPolicy.m; sourceTree = "<group>"; };
		0B3626EF1ACF88F500C57C5B /* AFURLConnectionOperation.h */ = {isa = PBXFileReference; fileEncoding = 4; lastKnownFileType = sourcecode.c.h; path = AFURLConnectionOperation.h; sourceTree = "<group>"; };
		0B3626F01ACF88F500C57C5B /* AFURLConnectionOperation.m */ = {isa = PBXFileReference; fileEncoding = 4; lastKnownFileType = sourcecode.c.objc; path = AFURLConnectionOperation.m; sourceTree = "<group>"; };
		0B3626F11ACF88F500C57C5B /* AFURLRequestSerialization.h */ = {isa = PBXFileReference; fileEncoding = 4; lastKnownFileType = sourcecode.c.h; path = AFURLRequestSerialization.h; sourceTree = "<group>"; };
		0B3626F21ACF88F500C57C5B /* AFURLRequestSerialization.m */ = {isa = PBXFileReference; fileEncoding = 4; lastKnownFileType = sourcecode.c.objc; path = AFURLRequestSerialization.m; sourceTree = "<group>"; };
		0B3626F31ACF88F500C57C5B /* AFURLResponseSerialization.h */ = {isa = PBXFileReference; fileEncoding = 4; lastKnownFileType = sourcecode.c.h; path = AFURLResponseSerialization.h; sourceTree = "<group>"; };
		0B3626F41ACF88F500C57C5B /* AFURLResponseSerialization.m */ = {isa = PBXFileReference; fileEncoding = 4; lastKnownFileType = sourcecode.c.objc; path = AFURLResponseSerialization.m; sourceTree = "<group>"; };
		0B3626F51ACF88F500C57C5B /* AFURLSessionManager.h */ = {isa = PBXFileReference; fileEncoding = 4; lastKnownFileType = sourcecode.c.h; path = AFURLSessionManager.h; sourceTree = "<group>"; };
		0B3626F61ACF88F500C57C5B /* AFURLSessionManager.m */ = {isa = PBXFileReference; fileEncoding = 4; lastKnownFileType = sourcecode.c.objc; path = AFURLSessionManager.m; sourceTree = "<group>"; };
		0B3627001ACF8FF200C57C5B /* SongManager.h */ = {isa = PBXFileReference; fileEncoding = 4; lastKnownFileType = sourcecode.c.h; path = SongManager.h; sourceTree = "<group>"; };
		0B3627011ACF8FF200C57C5B /* SongManager.m */ = {isa = PBXFileReference; fileEncoding = 4; lastKnownFileType = sourcecode.c.objc; path = SongManager.m; sourceTree = "<group>"; };
		E48E87C67DB56055CA4FE985 /* Pods.debug.xcconfig */ = {isa = PBXFileReference; includeInIndex = 1; lastKnownFileType = text.xcconfig; name = Pods.debug.xcconfig; path = "Pods/Target Support Files/Pods/Pods.debug.xcconfig"; sourceTree = "<group>"; };
		E75B26F5A696B5F3BDB276D1 /* libPods.a */ = {isa = PBXFileReference; explicitFileType = archive.ar; includeInIndex = 0; path = libPods.a; sourceTree = BUILT_PRODUCTS_DIR; };
/* End PBXFileReference section */

/* Begin PBXFrameworksBuildPhase section */
		0B3626AB1ACF5B1E00C57C5B /* Frameworks */ = {
			isa = PBXFrameworksBuildPhase;
			buildActionMask = 2147483647;
			files = (
				0B3626DA1ACF5FA200C57C5B /* AVFoundation.framework in Frameworks */,
				0B3626DC1ACF620B00C57C5B /* Spotify.framework in Frameworks */,
				8C5F65B06B775FD9FF936310 /* libPods.a in Frameworks */,
			);
			runOnlyForDeploymentPostprocessing = 0;
		};
		0B3626C41ACF5B1E00C57C5B /* Frameworks */ = {
			isa = PBXFrameworksBuildPhase;
			buildActionMask = 2147483647;
			files = (
			);
			runOnlyForDeploymentPostprocessing = 0;
		};
/* End PBXFrameworksBuildPhase section */

/* Begin PBXGroup section */
		0B3626A51ACF5B1E00C57C5B = {
			isa = PBXGroup;
			children = (
				0B3626DB1ACF620B00C57C5B /* Spotify.framework */,
				0B3626D91ACF5FA200C57C5B /* AVFoundation.framework */,
				0B3626B01ACF5B1E00C57C5B /* crowddj */,
				0B3626CA1ACF5B1E00C57C5B /* crowddjTests */,
				0B3626AF1ACF5B1E00C57C5B /* Products */,
				26E3908E0EBB3F82E120A53C /* Pods */,
				B0DBCE238D3550ECFBAB0301 /* Frameworks */,
			);
			sourceTree = "<group>";
		};
		0B3626AF1ACF5B1E00C57C5B /* Products */ = {
			isa = PBXGroup;
			children = (
				0B3626AE1ACF5B1E00C57C5B /* crowddj.app */,
				0B3626C71ACF5B1E00C57C5B /* crowddjTests.xctest */,
			);
			name = Products;
			sourceTree = "<group>";
		};
		0B3626B01ACF5B1E00C57C5B /* crowddj */ = {
			isa = PBXGroup;
			children = (
				0B3626E31ACF88DB00C57C5B /* AFNetworking */,
				0B3626B51ACF5B1E00C57C5B /* AppDelegate.h */,
				0B3626B61ACF5B1E00C57C5B /* AppDelegate.m */,
				0B3626B81ACF5B1E00C57C5B /* ViewController.h */,
				0B3626B91ACF5B1E00C57C5B /* ViewController.m */,
				0B3626BE1ACF5B1E00C57C5B /* Images.xcassets */,
				0B3626B11ACF5B1E00C57C5B /* Supporting Files */,
				0B3626DD1ACF636900C57C5B /* SpotifyPlayer.h */,
				0B3626DE1ACF636900C57C5B /* SpotifyPlayer.m */,
				0B3626E01ACF7F6200C57C5B /* TwitterManager.h */,
				0B3626E11ACF7F6200C57C5B /* TwitterManager.m */,
				0B3627001ACF8FF200C57C5B /* SongManager.h */,
				0B3627011ACF8FF200C57C5B /* SongManager.m */,
				0B3398EE1ACFB55500E41513 /* ColorsUtil.h */,
				0B3398EF1ACFB55500E41513 /* ColorsUtil.m */,
			);
			path = crowddj;
			sourceTree = "<group>";
		};
		0B3626B11ACF5B1E00C57C5B /* Supporting Files */ = {
			isa = PBXGroup;
			children = (
				0B3398F21ACFEB0400E41513 /* icomoon.ttf */,
				0B3398F11ACFE05D00E41513 /* Impact.ttf */,
				0B3626B21ACF5B1E00C57C5B /* Info.plist */,
				0B3626B31ACF5B1E00C57C5B /* main.m */,
			);
			name = "Supporting Files";
			sourceTree = "<group>";
		};
		0B3626CA1ACF5B1E00C57C5B /* crowddjTests */ = {
			isa = PBXGroup;
			children = (
				0B3626CD1ACF5B1E00C57C5B /* crowddjTests.m */,
				0B3626CB1ACF5B1E00C57C5B /* Supporting Files */,
			);
			path = crowddjTests;
			sourceTree = "<group>";
		};
		0B3626CB1ACF5B1E00C57C5B /* Supporting Files */ = {
			isa = PBXGroup;
			children = (
				0B3626CC1ACF5B1E00C57C5B /* Info.plist */,
			);
			name = "Supporting Files";
			sourceTree = "<group>";
		};
		0B3626E31ACF88DB00C57C5B /* AFNetworking */ = {
			isa = PBXGroup;
			children = (
				0B3626E41ACF88F500C57C5B /* AFHTTPRequestOperation.h */,
				0B3626E51ACF88F500C57C5B /* AFHTTPRequestOperation.m */,
				0B3626E61ACF88F500C57C5B /* AFHTTPRequestOperationManager.h */,
				0B3626E71ACF88F500C57C5B /* AFHTTPRequestOperationManager.m */,
				0B3626E81ACF88F500C57C5B /* AFHTTPSessionManager.h */,
				0B3626E91ACF88F500C57C5B /* AFHTTPSessionManager.m */,
				0B3626EA1ACF88F500C57C5B /* AFNetworking.h */,
				0B3626EB1ACF88F500C57C5B /* AFNetworkReachabilityManager.h */,
				0B3626EC1ACF88F500C57C5B /* AFNetworkReachabilityManager.m */,
				0B3626ED1ACF88F500C57C5B /* AFSecurityPolicy.h */,
				0B3626EE1ACF88F500C57C5B /* AFSecurityPolicy.m */,
				0B3626EF1ACF88F500C57C5B /* AFURLConnectionOperation.h */,
				0B3626F01ACF88F500C57C5B /* AFURLConnectionOperation.m */,
				0B3626F11ACF88F500C57C5B /* AFURLRequestSerialization.h */,
				0B3626F21ACF88F500C57C5B /* AFURLRequestSerialization.m */,
				0B3626F31ACF88F500C57C5B /* AFURLResponseSerialization.h */,
				0B3626F41ACF88F500C57C5B /* AFURLResponseSerialization.m */,
				0B3626F51ACF88F500C57C5B /* AFURLSessionManager.h */,
				0B3626F61ACF88F500C57C5B /* AFURLSessionManager.m */,
			);
			name = AFNetworking;
			sourceTree = "<group>";
		};
		26E3908E0EBB3F82E120A53C /* Pods */ = {
			isa = PBXGroup;
			children = (
				E48E87C67DB56055CA4FE985 /* Pods.debug.xcconfig */,
				011C9BD953A7E0A1E88A270A /* Pods.release.xcconfig */,
			);
			name = Pods;
			sourceTree = "<group>";
		};
		B0DBCE238D3550ECFBAB0301 /* Frameworks */ = {
			isa = PBXGroup;
			children = (
				E75B26F5A696B5F3BDB276D1 /* libPods.a */,
			);
			name = Frameworks;
			sourceTree = "<group>";
		};
/* End PBXGroup section */

/* Begin PBXNativeTarget section */
		0B3626AD1ACF5B1E00C57C5B /* crowddj */ = {
			isa = PBXNativeTarget;
			buildConfigurationList = 0B3626D11ACF5B1E00C57C5B /* Build configuration list for PBXNativeTarget "crowddj" */;
			buildPhases = (
				AEE16EABFCAC52242FF0A859 /* Check Pods Manifest.lock */,
				0B3626AA1ACF5B1E00C57C5B /* Sources */,
				0B3626AB1ACF5B1E00C57C5B /* Frameworks */,
				0B3626AC1ACF5B1E00C57C5B /* Resources */,
				72B2382375E3AA36E3FA992A /* Copy Pods Resources */,
			);
			buildRules = (
			);
			dependencies = (
			);
			name = crowddj;
			productName = crowddj;
			productReference = 0B3626AE1ACF5B1E00C57C5B /* crowddj.app */;
			productType = "com.apple.product-type.application";
		};
		0B3626C61ACF5B1E00C57C5B /* crowddjTests */ = {
			isa = PBXNativeTarget;
			buildConfigurationList = 0B3626D41ACF5B1E00C57C5B /* Build configuration list for PBXNativeTarget "crowddjTests" */;
			buildPhases = (
				0B3626C31ACF5B1E00C57C5B /* Sources */,
				0B3626C41ACF5B1E00C57C5B /* Frameworks */,
				0B3626C51ACF5B1E00C57C5B /* Resources */,
			);
			buildRules = (
			);
			dependencies = (
				0B3626C91ACF5B1E00C57C5B /* PBXTargetDependency */,
			);
			name = crowddjTests;
			productName = crowddjTests;
			productReference = 0B3626C71ACF5B1E00C57C5B /* crowddjTests.xctest */;
			productType = "com.apple.product-type.bundle.unit-test";
		};
/* End PBXNativeTarget section */

/* Begin PBXProject section */
		0B3626A61ACF5B1E00C57C5B /* Project object */ = {
			isa = PBXProject;
			attributes = {
				LastUpgradeCheck = 0610;
				ORGANIZATIONNAME = tommista;
				TargetAttributes = {
					0B3626AD1ACF5B1E00C57C5B = {
						CreatedOnToolsVersion = 6.1;
					};
					0B3626C61ACF5B1E00C57C5B = {
						CreatedOnToolsVersion = 6.1;
						TestTargetID = 0B3626AD1ACF5B1E00C57C5B;
					};
				};
			};
			buildConfigurationList = 0B3626A91ACF5B1E00C57C5B /* Build configuration list for PBXProject "crowddj" */;
			compatibilityVersion = "Xcode 3.2";
			developmentRegion = English;
			hasScannedForEncodings = 0;
			knownRegions = (
				en,
				Base,
			);
			mainGroup = 0B3626A51ACF5B1E00C57C5B;
			productRefGroup = 0B3626AF1ACF5B1E00C57C5B /* Products */;
			projectDirPath = "";
			projectRoot = "";
			targets = (
				0B3626AD1ACF5B1E00C57C5B /* crowddj */,
				0B3626C61ACF5B1E00C57C5B /* crowddjTests */,
			);
		};
/* End PBXProject section */

/* Begin PBXResourcesBuildPhase section */
		0B3626AC1ACF5B1E00C57C5B /* Resources */ = {
			isa = PBXResourcesBuildPhase;
			buildActionMask = 2147483647;
			files = (
				0B3398F41ACFEB0F00E41513 /* Impact.ttf in Resources */,
				0B3626BF1ACF5B1E00C57C5B /* Images.xcassets in Resources */,
				0B3398F31ACFEB0A00E41513 /* icomoon.ttf in Resources */,
			);
			runOnlyForDeploymentPostprocessing = 0;
		};
		0B3626C51ACF5B1E00C57C5B /* Resources */ = {
			isa = PBXResourcesBuildPhase;
			buildActionMask = 2147483647;
			files = (
			);
			runOnlyForDeploymentPostprocessing = 0;
		};
/* End PBXResourcesBuildPhase section */

/* Begin PBXShellScriptBuildPhase section */
		72B2382375E3AA36E3FA992A /* Copy Pods Resources */ = {
			isa = PBXShellScriptBuildPhase;
			buildActionMask = 2147483647;
			files = (
			);
			inputPaths = (
			);
			name = "Copy Pods Resources";
			outputPaths = (
			);
			runOnlyForDeploymentPostprocessing = 0;
			shellPath = /bin/sh;
			shellScript = "\"${SRCROOT}/Pods/Target Support Files/Pods/Pods-resources.sh\"\n";
			showEnvVarsInLog = 0;
		};
		AEE16EABFCAC52242FF0A859 /* Check Pods Manifest.lock */ = {
			isa = PBXShellScriptBuildPhase;
			buildActionMask = 2147483647;
			files = (
			);
			inputPaths = (
			);
			name = "Check Pods Manifest.lock";
			outputPaths = (
			);
			runOnlyForDeploymentPostprocessing = 0;
			shellPath = /bin/sh;
			shellScript = "diff \"${PODS_ROOT}/../Podfile.lock\" \"${PODS_ROOT}/Manifest.lock\" > /dev/null\nif [[ $? != 0 ]] ; then\n    cat << EOM\nerror: The sandbox is not in sync with the Podfile.lock. Run 'pod install' or update your CocoaPods installation.\nEOM\n    exit 1\nfi\n";
			showEnvVarsInLog = 0;
		};
/* End PBXShellScriptBuildPhase section */

/* Begin PBXSourcesBuildPhase section */
		0B3626AA1ACF5B1E00C57C5B /* Sources */ = {
			isa = PBXSourcesBuildPhase;
			buildActionMask = 2147483647;
			files = (
				0B3626FC1ACF88F500C57C5B /* AFURLConnectionOperation.m in Sources */,
				0B3626F71ACF88F500C57C5B /* AFHTTPRequestOperation.m in Sources */,
				0B3626FA1ACF88F500C57C5B /* AFNetworkReachabilityManager.m in Sources */,
				0B3626FF1ACF88F500C57C5B /* AFURLSessionManager.m in Sources */,
				0B3626FD1ACF88F500C57C5B /* AFURLRequestSerialization.m in Sources */,
				0B3626E21ACF7F6200C57C5B /* TwitterManager.m in Sources */,
				0B3626FE1ACF88F500C57C5B /* AFURLResponseSerialization.m in Sources */,
				0B3398F01ACFB55500E41513 /* ColorsUtil.m in Sources */,
				0B3626BA1ACF5B1E00C57C5B /* ViewController.m in Sources */,
				0B3626DF1ACF636900C57C5B /* SpotifyPlayer.m in Sources */,
				0B3626F81ACF88F500C57C5B /* AFHTTPRequestOperationManager.m in Sources */,
				0B3626FB1ACF88F500C57C5B /* AFSecurityPolicy.m in Sources */,
				0B3627021ACF8FF200C57C5B /* SongManager.m in Sources */,
				0B3626B71ACF5B1E00C57C5B /* AppDelegate.m in Sources */,
				0B3626B41ACF5B1E00C57C5B /* main.m in Sources */,
				0B3626F91ACF88F500C57C5B /* AFHTTPSessionManager.m in Sources */,
			);
			runOnlyForDeploymentPostprocessing = 0;
		};
		0B3626C31ACF5B1E00C57C5B /* Sources */ = {
			isa = PBXSourcesBuildPhase;
			buildActionMask = 2147483647;
			files = (
				0B3626CE1ACF5B1E00C57C5B /* crowddjTests.m in Sources */,
			);
			runOnlyForDeploymentPostprocessing = 0;
		};
/* End PBXSourcesBuildPhase section */

/* Begin PBXTargetDependency section */
		0B3626C91ACF5B1E00C57C5B /* PBXTargetDependency */ = {
			isa = PBXTargetDependency;
			target = 0B3626AD1ACF5B1E00C57C5B /* crowddj */;
			targetProxy = 0B3626C81ACF5B1E00C57C5B /* PBXContainerItemProxy */;
		};
/* End PBXTargetDependency section */

/* Begin XCBuildConfiguration section */
		0B3626CF1ACF5B1E00C57C5B /* Debug */ = {
			isa = XCBuildConfiguration;
			buildSettings = {
				ALWAYS_SEARCH_USER_PATHS = NO;
				CLANG_CXX_LANGUAGE_STANDARD = "gnu++0x";
				CLANG_CXX_LIBRARY = "libc++";
				CLANG_ENABLE_MODULES = YES;
				CLANG_ENABLE_OBJC_ARC = YES;
				CLANG_WARN_BOOL_CONVERSION = YES;
				CLANG_WARN_CONSTANT_CONVERSION = YES;
				CLANG_WARN_DIRECT_OBJC_ISA_USAGE = YES_ERROR;
				CLANG_WARN_EMPTY_BODY = YES;
				CLANG_WARN_ENUM_CONVERSION = YES;
				CLANG_WARN_INT_CONVERSION = YES;
				CLANG_WARN_OBJC_ROOT_CLASS = YES_ERROR;
				CLANG_WARN_UNREACHABLE_CODE = YES;
				CLANG_WARN__DUPLICATE_METHOD_MATCH = YES;
				"CODE_SIGN_IDENTITY[sdk=iphoneos*]" = "iPhone Developer";
				COPY_PHASE_STRIP = NO;
				ENABLE_STRICT_OBJC_MSGSEND = YES;
				GCC_C_LANGUAGE_STANDARD = gnu99;
				GCC_DYNAMIC_NO_PIC = NO;
				GCC_OPTIMIZATION_LEVEL = 0;
				GCC_PREPROCESSOR_DEFINITIONS = (
					"DEBUG=1",
					"$(inherited)",
				);
				GCC_SYMBOLS_PRIVATE_EXTERN = NO;
				GCC_WARN_64_TO_32_BIT_CONVERSION = YES;
				GCC_WARN_ABOUT_RETURN_TYPE = YES_ERROR;
				GCC_WARN_UNDECLARED_SELECTOR = YES;
				GCC_WARN_UNINITIALIZED_AUTOS = YES_AGGRESSIVE;
				GCC_WARN_UNUSED_FUNCTION = YES;
				GCC_WARN_UNUSED_VARIABLE = YES;
				IPHONEOS_DEPLOYMENT_TARGET = 8.1;
				MTL_ENABLE_DEBUG_INFO = YES;
				ONLY_ACTIVE_ARCH = YES;
				SDKROOT = iphoneos;
				TARGETED_DEVICE_FAMILY = "1,2";
			};
			name = Debug;
		};
		0B3626D01ACF5B1E00C57C5B /* Release */ = {
			isa = XCBuildConfiguration;
			buildSettings = {
				ALWAYS_SEARCH_USER_PATHS = NO;
				CLANG_CXX_LANGUAGE_STANDARD = "gnu++0x";
				CLANG_CXX_LIBRARY = "libc++";
				CLANG_ENABLE_MODULES = YES;
				CLANG_ENABLE_OBJC_ARC = YES;
				CLANG_WARN_BOOL_CONVERSION = YES;
				CLANG_WARN_CONSTANT_CONVERSION = YES;
				CLANG_WARN_DIRECT_OBJC_ISA_USAGE = YES_ERROR;
				CLANG_WARN_EMPTY_BODY = YES;
				CLANG_WARN_ENUM_CONVERSION = YES;
				CLANG_WARN_INT_CONVERSION = YES;
				CLANG_WARN_OBJC_ROOT_CLASS = YES_ERROR;
				CLANG_WARN_UNREACHABLE_CODE = YES;
				CLANG_WARN__DUPLICATE_METHOD_MATCH = YES;
				"CODE_SIGN_IDENTITY[sdk=iphoneos*]" = "iPhone Developer";
				COPY_PHASE_STRIP = YES;
				ENABLE_NS_ASSERTIONS = NO;
				ENABLE_STRICT_OBJC_MSGSEND = YES;
				GCC_C_LANGUAGE_STANDARD = gnu99;
				GCC_WARN_64_TO_32_BIT_CONVERSION = YES;
				GCC_WARN_ABOUT_RETURN_TYPE = YES_ERROR;
				GCC_WARN_UNDECLARED_SELECTOR = YES;
				GCC_WARN_UNINITIALIZED_AUTOS = YES_AGGRESSIVE;
				GCC_WARN_UNUSED_FUNCTION = YES;
				GCC_WARN_UNUSED_VARIABLE = YES;
				IPHONEOS_DEPLOYMENT_TARGET = 8.1;
				MTL_ENABLE_DEBUG_INFO = NO;
				SDKROOT = iphoneos;
				TARGETED_DEVICE_FAMILY = "1,2";
				VALIDATE_PRODUCT = YES;
			};
			name = Release;
		};
		0B3626D21ACF5B1E00C57C5B /* Debug */ = {
			isa = XCBuildConfiguration;
			baseConfigurationReference = E48E87C67DB56055CA4FE985 /* Pods.debug.xcconfig */;
			buildSettings = {
				ASSETCATALOG_COMPILER_APPICON_NAME = AppIcon;
				FRAMEWORK_SEARCH_PATHS = (
					"$(inherited)",
					"$(PROJECT_DIR)",
				);
				INFOPLIST_FILE = crowddj/Info.plist;
				LD_RUNPATH_SEARCH_PATHS = "$(inherited) @executable_path/Frameworks";
				OTHER_LDFLAGS = "-ObjC";
				PRODUCT_NAME = "$(TARGET_NAME)";
			};
			name = Debug;
		};
		0B3626D31ACF5B1E00C57C5B /* Release */ = {
			isa = XCBuildConfiguration;
			baseConfigurationReference = 011C9BD953A7E0A1E88A270A /* Pods.release.xcconfig */;
			buildSettings = {
				ASSETCATALOG_COMPILER_APPICON_NAME = AppIcon;
				FRAMEWORK_SEARCH_PATHS = (
					"$(inherited)",
					"$(PROJECT_DIR)",
				);
				INFOPLIST_FILE = crowddj/Info.plist;
				LD_RUNPATH_SEARCH_PATHS = "$(inherited) @executable_path/Frameworks";
				OTHER_LDFLAGS = "-ObjC";
				PRODUCT_NAME = "$(TARGET_NAME)";
			};
			name = Release;
		};
		0B3626D51ACF5B1E00C57C5B /* Debug */ = {
			isa = XCBuildConfiguration;
			buildSettings = {
				BUNDLE_LOADER = "$(TEST_HOST)";
				FRAMEWORK_SEARCH_PATHS = (
					"$(SDKROOT)/Developer/Library/Frameworks",
					"$(inherited)",
				);
				GCC_PREPROCESSOR_DEFINITIONS = (
					"DEBUG=1",
					"$(inherited)",
				);
				INFOPLIST_FILE = crowddjTests/Info.plist;
				LD_RUNPATH_SEARCH_PATHS = "$(inherited) @executable_path/Frameworks @loader_path/Frameworks";
				PRODUCT_NAME = "$(TARGET_NAME)";
				TEST_HOST = "$(BUILT_PRODUCTS_DIR)/crowddj.app/crowddj";
			};
			name = Debug;
		};
		0B3626D61ACF5B1E00C57C5B /* Release */ = {
			isa = XCBuildConfiguration;
			buildSettings = {
				BUNDLE_LOADER = "$(TEST_HOST)";
				FRAMEWORK_SEARCH_PATHS = (
					"$(SDKROOT)/Developer/Library/Frameworks",
					"$(inherited)",
				);
				INFOPLIST_FILE = crowddjTests/Info.plist;
				LD_RUNPATH_SEARCH_PATHS = "$(inherited) @executable_path/Frameworks @loader_path/Frameworks";
				PRODUCT_NAME = "$(TARGET_NAME)";
				TEST_HOST = "$(BUILT_PRODUCTS_DIR)/crowddj.app/crowddj";
			};
			name = Release;
		};
/* End XCBuildConfiguration section */

/* Begin XCConfigurationList section */
		0B3626A91ACF5B1E00C57C5B /* Build configuration list for PBXProject "crowddj" */ = {
			isa = XCConfigurationList;
			buildConfigurations = (
				0B3626CF1ACF5B1E00C57C5B /* Debug */,
				0B3626D01ACF5B1E00C57C5B /* Release */,
			);
			defaultConfigurationIsVisible = 0;
			defaultConfigurationName = Release;
		};
		0B3626D11ACF5B1E00C57C5B /* Build configuration list for PBXNativeTarget "crowddj" */ = {
			isa = XCConfigurationList;
			buildConfigurations = (
				0B3626D21ACF5B1E00C57C5B /* Debug */,
				0B3626D31ACF5B1E00C57C5B /* Release */,
			);
			defaultConfigurationIsVisible = 0;
			defaultConfigurationName = Release;
		};
		0B3626D41ACF5B1E00C57C5B /* Build configuration list for PBXNativeTarget "crowddjTests" */ = {
			isa = XCConfigurationList;
			buildConfigurations = (
				0B3626D51ACF5B1E00C57C5B /* Debug */,
				0B3626D61ACF5B1E00C57C5B /* Release */,
			);
			defaultConfigurationIsVisible = 0;
			defaultConfigurationName = Release;
		};
/* End XCConfigurationList section */
	};
	rootObject = 0B3626A61ACF5B1E00C57C5B /* Project object */;
}
